
Microsoft Visual Studio Solution File, Format Version 12.00
# Visual Studio 15
VisualStudioVersion = 15.0.27428.2005
MinimumVisualStudioVersion = 10.0.40219.1
Project("{FAE04EC0-301F-11D3-BF4B-00C04F79EFBC}") = "PPOSimulator", "PPOSimulator.csproj", "{27C5FDA1-859A-41E5-9F7E-5D74A5F63B7C}"
EndProject
Global
	GlobalSection(SolutionConfigurationPlatforms) = preSolution
		Debug|Any CPU = Debug|Any CPU
		Release|Any CPU = Release|Any CPU
	EndGlobalSection
	GlobalSection(ProjectConfigurationPlatforms) = postSolution
		{27C5FDA1-859A-41E5-9F7E-5D74A5F63B7C}.Debug|Any CPU.ActiveCfg = Debug|Any CPU
		{27C5FDA1-859A-41E5-9F7E-5D74A5F63B7C}.Debug|Any CPU.Build.0 = Debug|Any CPU
		{27C5FDA1-859A-41E5-9F7E-5D74A5F63B7C}.Release|Any CPU.ActiveCfg = Release|Any CPU
		{27C5FDA1-859A-41E5-9F7E-5D74A5F63B7C}.Release|Any CPU.Build.0 = Release|Any CPU
	EndGlobalSection
	GlobalSection(SolutionProperties) = preSolution
		HideSolutionNode = FALSE
	EndGlobalSection
	GlobalSection(ExtensibilityGlobals) = postSolution
		SolutionGuid = {F94A1FDC-04F5-4188-B068-C1A3A19CBAC0}
	EndGlobalSection
EndGlobal
